
Microsoft Visual Studio Solution File, Format Version 12.00
# Visual Studio 2013
VisualStudioVersion = 12.0.21005.1
MinimumVisualStudioVersion = 10.0.40219.1
Project("{FAE04EC0-301F-11D3-BF4B-00C04F79EFBC}") = "EnterpriseFramework.Web", "EnterpriseFramework.Web\EnterpriseFramework.Web.csproj", "{59957B74-753B-4929-BF68-15E6D84ECF62}"
EndProject
Project("{FAE04EC0-301F-11D3-BF4B-00C04F79EFBC}") = "EnterpriseFramework.Core", "EnterpriseFramework.Core\EnterpriseFramework.Core.csproj", "{02CB98C1-02CD-4ECB-9D86-2257A827716B}"
EndProject
Project("{FAE04EC0-301F-11D3-BF4B-00C04F79EFBC}") = "EnterpriseFramework.Data", "EnterpriseFramework.Data\EnterpriseFramework.Data.csproj", "{8C71B125-BB6D-4EFC-BD49-F07961BAAE72}"
EndProject
Global
	GlobalSection(SolutionConfigurationPlatforms) = preSolution
		Debug|Any CPU = Debug|Any CPU
		Release|Any CPU = Release|Any CPU
	EndGlobalSection
	GlobalSection(ProjectConfigurationPlatforms) = postSolution
		{59957B74-753B-4929-BF68-15E6D84ECF62}.Debug|Any CPU.ActiveCfg = Debug|Any CPU
		{59957B74-753B-4929-BF68-15E6D84ECF62}.Debug|Any CPU.Build.0 = Debug|Any CPU
		{59957B74-753B-4929-BF68-15E6D84ECF62}.Release|Any CPU.ActiveCfg = Release|Any CPU
		{59957B74-753B-4929-BF68-15E6D84ECF62}.Release|Any CPU.Build.0 = Release|Any CPU
		{02CB98C1-02CD-4ECB-9D86-2257A827716B}.Debug|Any CPU.ActiveCfg = Debug|Any CPU
		{02CB98C1-02CD-4ECB-9D86-2257A827716B}.Debug|Any CPU.Build.0 = Debug|Any CPU
		{02CB98C1-02CD-4ECB-9D86-2257A827716B}.Release|Any CPU.ActiveCfg = Release|Any CPU
		{02CB98C1-02CD-4ECB-9D86-2257A827716B}.Release|Any CPU.Build.0 = Release|Any CPU
		{8C71B125-BB6D-4EFC-BD49-F07961BAAE72}.Debug|Any CPU.ActiveCfg = Debug|Any CPU
		{8C71B125-BB6D-4EFC-BD49-F07961BAAE72}.Debug|Any CPU.Build.0 = Debug|Any CPU
		{8C71B125-BB6D-4EFC-BD49-F07961BAAE72}.Release|Any CPU.ActiveCfg = Release|Any CPU
		{8C71B125-BB6D-4EFC-BD49-F07961BAAE72}.Release|Any CPU.Build.0 = Release|Any CPU
	EndGlobalSection
	GlobalSection(SolutionProperties) = preSolution
		HideSolutionNode = FALSE
	EndGlobalSection
EndGlobal
